
Microsoft Visual Studio Solution File, Format Version 12.00
# Visual Studio Version 17
VisualStudioVersion = 17.4.33213.308
MinimumVisualStudioVersion = 10.0.40219.1
Project("{9A19103F-16F7-4668-BE54-9A1E7A4F7556}") = "GeneraInformacionDiagnostico", "Presenta\GeneraInformacionDiagnostico\GeneraInformacionDiagnostico.csproj", "{32CE2B5E-E788-40F4-8CDC-E44186E16036}"
EndProject
Project("{2150E333-8FDC-42A3-9474-1A3956D46DE8}") = "0- Presentacion", "0- Presentacion", "{48698EA1-1915-4B57-AD47-9388686E918E}"
EndProject
Project("{2150E333-8FDC-42A3-9474-1A3956D46DE8}") = "1- WebServices", "1- WebServices", "{BECFF415-AF8C-458B-8A3C-0D191EBAB814}"
EndProject
Project("{2150E333-8FDC-42A3-9474-1A3956D46DE8}") = "2- Reglas de Aplicacion", "2- Reglas de Aplicacion", "{C124DD61-84DA-4279-B0E9-C25D7DFF08B1}"
EndProject
Project("{2150E333-8FDC-42A3-9474-1A3956D46DE8}") = "3- Dominio", "3- Dominio", "{84D4CF61-BDC3-4AD8-9F33-498B15FA06BC}"
EndProject
Project("{2150E333-8FDC-42A3-9474-1A3956D46DE8}") = "4- Infraestructura", "4- Infraestructura", "{0088E7AA-30CA-426D-9119-8EB588A809E3}"
EndProject
Project("{2150E333-8FDC-42A3-9474-1A3956D46DE8}") = "5- Pruebas", "5- Pruebas", "{BC0C0BFB-701A-4256-92DE-6F98DC4D67FF}"
EndProject
Project("{2150E333-8FDC-42A3-9474-1A3956D46DE8}") = "Helper", "Helper", "{C4F6F966-02FB-4E7F-9883-CF1C505A81F8}"
EndProject
Project("{9A19103F-16F7-4668-BE54-9A1E7A4F7556}") = "Jaec.Helper", "Infra\Jaec.Helper\Jaec.Helper.csproj", "{9390D541-B883-4E3B-83C7-BB45D13CAE16}"
EndProject
Project("{9A19103F-16F7-4668-BE54-9A1E7A4F7556}") = "gob.fnd.ExcelHelper", "Infra\gob.fnd.ExcelHelper\gob.fnd.ExcelHelper.csproj", "{111C6D2A-0FE9-4EC4-906F-494E986DC22B}"
EndProject
Project("{9A19103F-16F7-4668-BE54-9A1E7A4F7556}") = "gob.fnd.Infraestructura.Negocio", "Infra\gob.fnd.Infraestructura.Negocio\gob.fnd.Infraestructura.Negocio.csproj", "{3234E3A4-08C5-47B3-BED3-365D9AEAF8F0}"
EndProject
Project("{9A19103F-16F7-4668-BE54-9A1E7A4F7556}") = "gob.fnd.Dominio.Digitalizacion", "Dominio\gob.fnd.Dominio.Digitalizacion\gob.fnd.Dominio.Digitalizacion.csproj", "{470D5E16-E204-4FD7-A780-9BC8AD33E731}"
EndProject
Project("{9A19103F-16F7-4668-BE54-9A1E7A4F7556}") = "gob.fnd.Infraestructura.Digitalizacion.Excel", "Infra\gob.fnd.Infraestructura.Digitalizacion.Excel\gob.fnd.Infraestructura.Digitalizacion.Excel.csproj", "{DD79A5DB-3B61-4DFC-A263-518C3C0D8F6C}"
EndProject
Project("{9A19103F-16F7-4668-BE54-9A1E7A4F7556}") = "gob.fnd.Dominio.Digitalizacion.Excel", "Dominio\gob.fnd.Dominio.Digitalizacion.Excel\gob.fnd.Dominio.Digitalizacion.Excel.csproj", "{4B44C09A-9E3A-4CDC-B520-7D052278A560}"
EndProject
Project("{9A19103F-16F7-4668-BE54-9A1E7A4F7556}") = "gob.fnd.Dominio.Digitalizacion.Negocio", "Dominio\gob.fnd.Dominio.Digitalizacion.Negocio\gob.fnd.Dominio.Digitalizacion.Negocio.csproj", "{B8E17073-20AE-4725-A6A7-104965D47AF0}"
EndProject
Project("{9A19103F-16F7-4668-BE54-9A1E7A4F7556}") = "AppConsultaImagen", "Presenta\AppConsultaImagen\AppConsultaImagen.csproj", "{376F9A38-7B64-4DB2-983D-E1DD2340843D}"
EndProject
Project("{9A19103F-16F7-4668-BE54-9A1E7A4F7556}") = "gob.fnd.Infraestructura.Negocio.Procesa", "Infra\gob.fnd.Infraestructura.Negocio.Procesa\gob.fnd.Infraestructura.Negocio.Procesa.csproj", "{E4BE0109-E8DA-487B-A4CC-895F8C78E71C}"
EndProject
Project("{9A19103F-16F7-4668-BE54-9A1E7A4F7556}") = "gob.fnd.Dominio.Digitalizacion.Negocio.Procesa", "Dominio\gob.fnd.Dominio.Digitalizacion.Negocio.Procesa\gob.fnd.Dominio.Digitalizacion.Negocio.Procesa.csproj", "{7D8EDA2F-DF85-44F2-A796-42B393F3D77F}"
EndProject
Project("{9A19103F-16F7-4668-BE54-9A1E7A4F7556}") = "InformacionControlaDescargas", "Presenta\InformacionControlaDescargas\InformacionControlaDescargas.csproj", "{56FA632F-AF8A-496E-B820-27FC23A61C80}"
EndProject
Project("{2150E333-8FDC-42A3-9474-1A3956D46DE8}") = "ZIP", "ZIP", "{1E61C60C-8A11-4CEB-857E-B5C33A1963D0}"
EndProject
Project("{2150E333-8FDC-42A3-9474-1A3956D46DE8}") = "File2Pdf", "File2Pdf", "{E98507DF-7971-4D2A-AF7D-7759A97C8AAA}"
EndProject
Project("{9A19103F-16F7-4668-BE54-9A1E7A4F7556}") = "gob.fnd.Infraestructura.Negocio.Procesa.Zip", "Infra\gob.fnd.Infraestructura.Negocio.Procesa.Zip\gob.fnd.Infraestructura.Negocio.Procesa.Zip.csproj", "{7C9FED83-B544-4A5D-98F4-FB351BD185F8}"
EndProject
Project("{9A19103F-16F7-4668-BE54-9A1E7A4F7556}") = "gob.fnd.Infraestructura.Negocio.Procesa.7zip", "Infra\gob.fnd.Infraestructura.Negocio.Procesa.7zip\gob.fnd.Infraestructura.Negocio.Procesa.7zip.csproj", "{7B790DF9-760F-4A19-AE68-63703BA04F0A}"
EndProject
Project("{9A19103F-16F7-4668-BE54-9A1E7A4F7556}") = "gob.fnd.Infraestructura.Negocio.Procesa.Doc2Pdf", "Infra\gob.fnd.Infraestructura.Negocio.Procesa.Doc2Pdf\gob.fnd.Infraestructura.Negocio.Procesa.Doc2Pdf.csproj", "{FB3E46EE-DEE8-40C9-9422-E34D9B2DCEA1}"
EndProject
Project("{9A19103F-16F7-4668-BE54-9A1E7A4F7556}") = "gob.fnd.Infraestructura.Negocio.Procesa.Image2Pdf", "Infra\gob.fnd.Infraestructura.Negocio.Procesa.Image2Pdf\gob.fnd.Infraestructura.Negocio.Procesa.Image2Pdf.csproj", "{84B9723B-C148-4F17-B0E2-A94ECF52C707}"
EndProject
Project("{2150E333-8FDC-42A3-9474-1A3956D46DE8}") = "Solution Items", "Solution Items", "{0E947EDE-B4CF-4956-9AA7-36808A946A9C}"
	ProjectSection(SolutionItems) = preProject
		.editorconfig = .editorconfig
	EndProjectSection
EndProject
Project("{2150E333-8FDC-42A3-9474-1A3956D46DE8}") = "Descarga", "Descarga", "{09525EF5-E734-4860-9E27-5C703E82B8A1}"
EndProject
Project("{9A19103F-16F7-4668-BE54-9A1E7A4F7556}") = "gob.fnd.Infraestructura.Negocio.Procesa.Descarga", "Infra\gob.fnd.Infraestructura.Negocio.Procesa.Descarga\gob.fnd.Infraestructura.Negocio.Procesa.Descarga.csproj", "{BE81DA39-E0E3-4B1E-9B26-7C953593CB91}"
EndProject
Project("{9A19103F-16F7-4668-BE54-9A1E7A4F7556}") = "gob.fnd.Dominio.Digitalizacion.Negocio.Ocr", "Dominio\gob.fnd.Dominio.Digitalizacion.Negocio.Ocr\gob.fnd.Dominio.Digitalizacion.Negocio.Ocr.csproj", "{19E07721-53D3-4B36-942D-860B40B35D8C}"
EndProject
Project("{9A19103F-16F7-4668-BE54-9A1E7A4F7556}") = "gob.fnd.Infaestructura.Negocio.Ocr", "Infra\gob.fnd.Infaestructura.Negocio.Ocr\gob.fnd.Infaestructura.Negocio.Ocr.csproj", "{8EB81289-F340-4F9E-BAA1-907560125227}"
EndProject
Project("{9A19103F-16F7-4668-BE54-9A1E7A4F7556}") = "EjecucionOcr", "Presenta\EjecucionOcr\EjecucionOcr.csproj", "{D84C41AA-ADE2-48FA-B28A-F321200F691A}"
EndProject
Project("{9A19103F-16F7-4668-BE54-9A1E7A4F7556}") = "gob.fnd.Dominio.Digitalizacion.Negocio.CargaCsv", "Dominio\gob.fnd.Dominio.Digitalizacion.Negocio.CargaCsv\gob.fnd.Dominio.Digitalizacion.Negocio.CargaCsv.csproj", "{0AD51479-EAD5-4FB2-8DE7-7A2424325105}"
EndProject
Project("{9A19103F-16F7-4668-BE54-9A1E7A4F7556}") = "gob.fnd.Infraestructura.Negocio.CargaCsv", "Infra\gob.fnd.Infraestructura.Negocio.CargaCsv\gob.fnd.Infraestructura.Negocio.CargaCsv.csproj", "{ED57DA33-D4B3-4CF1-B614-6A7909B43BC8}"
EndProject
Project("{9A19103F-16F7-4668-BE54-9A1E7A4F7556}") = "gob.fnd.Infraestructura.Negocio.Procesa.Msg2Pdf", "Infra\gob.fnd.Infraestructura.Negocio.Procesa.Msg2Pdf\gob.fnd.Infraestructura.Negocio.Procesa.Msg2Pdf.csproj", "{2FA028E7-2CF3-4254-928B-2126B7208999}"
EndProject
Project("{9A19103F-16F7-4668-BE54-9A1E7A4F7556}") = "gob.fnd.Infraestructura.Negocio.Procesa.Rar", "Infra\gob.fnd.Infraestructura.Negocio.Procesa.rar\gob.fnd.Infraestructura.Negocio.Procesa.Rar.csproj", "{552A8D46-5B0D-42ED-97E0-6F19DD9C8277}"
EndProject
Project("{FAE04EC0-301F-11D3-BF4B-00C04F79EFBC}") = "AppCargaImagenes", "Presenta\AppCargaImagenes\AppCargaImagenes.csproj", "{D3AC5801-9B85-4578-B640-BCD08A798160}"
EndProject
Global
	GlobalSection(SolutionConfigurationPlatforms) = preSolution
		Debug|Any CPU = Debug|Any CPU
		Release|Any CPU = Release|Any CPU
	EndGlobalSection
	GlobalSection(ProjectConfigurationPlatforms) = postSolution
		{32CE2B5E-E788-40F4-8CDC-E44186E16036}.Debug|Any CPU.ActiveCfg = Debug|Any CPU
		{32CE2B5E-E788-40F4-8CDC-E44186E16036}.Debug|Any CPU.Build.0 = Debug|Any CPU
		{32CE2B5E-E788-40F4-8CDC-E44186E16036}.Release|Any CPU.ActiveCfg = Release|Any CPU
		{32CE2B5E-E788-40F4-8CDC-E44186E16036}.Release|Any CPU.Build.0 = Release|Any CPU
		{9390D541-B883-4E3B-83C7-BB45D13CAE16}.Debug|Any CPU.ActiveCfg = Debug|Any CPU
		{9390D541-B883-4E3B-83C7-BB45D13CAE16}.Debug|Any CPU.Build.0 = Debug|Any CPU
		{9390D541-B883-4E3B-83C7-BB45D13CAE16}.Release|Any CPU.ActiveCfg = Release|Any CPU
		{9390D541-B883-4E3B-83C7-BB45D13CAE16}.Release|Any CPU.Build.0 = Release|Any CPU
		{111C6D2A-0FE9-4EC4-906F-494E986DC22B}.Debug|Any CPU.ActiveCfg = Debug|Any CPU
		{111C6D2A-0FE9-4EC4-906F-494E986DC22B}.Debug|Any CPU.Build.0 = Debug|Any CPU
		{111C6D2A-0FE9-4EC4-906F-494E986DC22B}.Release|Any CPU.ActiveCfg = Release|Any CPU
		{111C6D2A-0FE9-4EC4-906F-494E986DC22B}.Release|Any CPU.Build.0 = Release|Any CPU
		{3234E3A4-08C5-47B3-BED3-365D9AEAF8F0}.Debug|Any CPU.ActiveCfg = Debug|Any CPU
		{3234E3A4-08C5-47B3-BED3-365D9AEAF8F0}.Debug|Any CPU.Build.0 = Debug|Any CPU
		{3234E3A4-08C5-47B3-BED3-365D9AEAF8F0}.Release|Any CPU.ActiveCfg = Release|Any CPU
		{3234E3A4-08C5-47B3-BED3-365D9AEAF8F0}.Release|Any CPU.Build.0 = Release|Any CPU
		{470D5E16-E204-4FD7-A780-9BC8AD33E731}.Debug|Any CPU.ActiveCfg = Debug|Any CPU
		{470D5E16-E204-4FD7-A780-9BC8AD33E731}.Debug|Any CPU.Build.0 = Debug|Any CPU
		{470D5E16-E204-4FD7-A780-9BC8AD33E731}.Release|Any CPU.ActiveCfg = Release|Any CPU
		{470D5E16-E204-4FD7-A780-9BC8AD33E731}.Release|Any CPU.Build.0 = Release|Any CPU
		{DD79A5DB-3B61-4DFC-A263-518C3C0D8F6C}.Debug|Any CPU.ActiveCfg = Debug|Any CPU
		{DD79A5DB-3B61-4DFC-A263-518C3C0D8F6C}.Debug|Any CPU.Build.0 = Debug|Any CPU
		{DD79A5DB-3B61-4DFC-A263-518C3C0D8F6C}.Release|Any CPU.ActiveCfg = Release|Any CPU
		{DD79A5DB-3B61-4DFC-A263-518C3C0D8F6C}.Release|Any CPU.Build.0 = Release|Any CPU
		{4B44C09A-9E3A-4CDC-B520-7D052278A560}.Debug|Any CPU.ActiveCfg = Debug|Any CPU
		{4B44C09A-9E3A-4CDC-B520-7D052278A560}.Debug|Any CPU.Build.0 = Debug|Any CPU
		{4B44C09A-9E3A-4CDC-B520-7D052278A560}.Release|Any CPU.ActiveCfg = Release|Any CPU
		{4B44C09A-9E3A-4CDC-B520-7D052278A560}.Release|Any CPU.Build.0 = Release|Any CPU
		{B8E17073-20AE-4725-A6A7-104965D47AF0}.Debug|Any CPU.ActiveCfg = Debug|Any CPU
		{B8E17073-20AE-4725-A6A7-104965D47AF0}.Debug|Any CPU.Build.0 = Debug|Any CPU
		{B8E17073-20AE-4725-A6A7-104965D47AF0}.Release|Any CPU.ActiveCfg = Release|Any CPU
		{B8E17073-20AE-4725-A6A7-104965D47AF0}.Release|Any CPU.Build.0 = Release|Any CPU
		{376F9A38-7B64-4DB2-983D-E1DD2340843D}.Debug|Any CPU.ActiveCfg = Debug|Any CPU
		{376F9A38-7B64-4DB2-983D-E1DD2340843D}.Debug|Any CPU.Build.0 = Debug|Any CPU
		{376F9A38-7B64-4DB2-983D-E1DD2340843D}.Release|Any CPU.ActiveCfg = Release|Any CPU
		{376F9A38-7B64-4DB2-983D-E1DD2340843D}.Release|Any CPU.Build.0 = Release|Any CPU
		{E4BE0109-E8DA-487B-A4CC-895F8C78E71C}.Debug|Any CPU.ActiveCfg = Debug|Any CPU
		{E4BE0109-E8DA-487B-A4CC-895F8C78E71C}.Debug|Any CPU.Build.0 = Debug|Any CPU
		{E4BE0109-E8DA-487B-A4CC-895F8C78E71C}.Release|Any CPU.ActiveCfg = Release|Any CPU
		{E4BE0109-E8DA-487B-A4CC-895F8C78E71C}.Release|Any CPU.Build.0 = Release|Any CPU
		{7D8EDA2F-DF85-44F2-A796-42B393F3D77F}.Debug|Any CPU.ActiveCfg = Debug|Any CPU
		{7D8EDA2F-DF85-44F2-A796-42B393F3D77F}.Debug|Any CPU.Build.0 = Debug|Any CPU
		{7D8EDA2F-DF85-44F2-A796-42B393F3D77F}.Release|Any CPU.ActiveCfg = Release|Any CPU
		{7D8EDA2F-DF85-44F2-A796-42B393F3D77F}.Release|Any CPU.Build.0 = Release|Any CPU
		{56FA632F-AF8A-496E-B820-27FC23A61C80}.Debug|Any CPU.ActiveCfg = Debug|Any CPU
		{56FA632F-AF8A-496E-B820-27FC23A61C80}.Debug|Any CPU.Build.0 = Debug|Any CPU
		{56FA632F-AF8A-496E-B820-27FC23A61C80}.Release|Any CPU.ActiveCfg = Release|Any CPU
		{56FA632F-AF8A-496E-B820-27FC23A61C80}.Release|Any CPU.Build.0 = Release|Any CPU
		{7C9FED83-B544-4A5D-98F4-FB351BD185F8}.Debug|Any CPU.ActiveCfg = Debug|Any CPU
		{7C9FED83-B544-4A5D-98F4-FB351BD185F8}.Debug|Any CPU.Build.0 = Debug|Any CPU
		{7C9FED83-B544-4A5D-98F4-FB351BD185F8}.Release|Any CPU.ActiveCfg = Release|Any CPU
		{7C9FED83-B544-4A5D-98F4-FB351BD185F8}.Release|Any CPU.Build.0 = Release|Any CPU
		{7B790DF9-760F-4A19-AE68-63703BA04F0A}.Debug|Any CPU.ActiveCfg = Debug|Any CPU
		{7B790DF9-760F-4A19-AE68-63703BA04F0A}.Debug|Any CPU.Build.0 = Debug|Any CPU
		{7B790DF9-760F-4A19-AE68-63703BA04F0A}.Release|Any CPU.ActiveCfg = Release|Any CPU
		{7B790DF9-760F-4A19-AE68-63703BA04F0A}.Release|Any CPU.Build.0 = Release|Any CPU
		{FB3E46EE-DEE8-40C9-9422-E34D9B2DCEA1}.Debug|Any CPU.ActiveCfg = Debug|Any CPU
		{FB3E46EE-DEE8-40C9-9422-E34D9B2DCEA1}.Debug|Any CPU.Build.0 = Debug|Any CPU
		{FB3E46EE-DEE8-40C9-9422-E34D9B2DCEA1}.Release|Any CPU.ActiveCfg = Release|Any CPU
		{FB3E46EE-DEE8-40C9-9422-E34D9B2DCEA1}.Release|Any CPU.Build.0 = Release|Any CPU
		{84B9723B-C148-4F17-B0E2-A94ECF52C707}.Debug|Any CPU.ActiveCfg = Debug|Any CPU
		{84B9723B-C148-4F17-B0E2-A94ECF52C707}.Debug|Any CPU.Build.0 = Debug|Any CPU
		{84B9723B-C148-4F17-B0E2-A94ECF52C707}.Release|Any CPU.ActiveCfg = Release|Any CPU
		{84B9723B-C148-4F17-B0E2-A94ECF52C707}.Release|Any CPU.Build.0 = Release|Any CPU
		{BE81DA39-E0E3-4B1E-9B26-7C953593CB91}.Debug|Any CPU.ActiveCfg = Debug|Any CPU
		{BE81DA39-E0E3-4B1E-9B26-7C953593CB91}.Debug|Any CPU.Build.0 = Debug|Any CPU
		{BE81DA39-E0E3-4B1E-9B26-7C953593CB91}.Release|Any CPU.ActiveCfg = Release|Any CPU
		{BE81DA39-E0E3-4B1E-9B26-7C953593CB91}.Release|Any CPU.Build.0 = Release|Any CPU
		{19E07721-53D3-4B36-942D-860B40B35D8C}.Debug|Any CPU.ActiveCfg = Debug|Any CPU
		{19E07721-53D3-4B36-942D-860B40B35D8C}.Debug|Any CPU.Build.0 = Debug|Any CPU
		{19E07721-53D3-4B36-942D-860B40B35D8C}.Release|Any CPU.ActiveCfg = Release|Any CPU
		{19E07721-53D3-4B36-942D-860B40B35D8C}.Release|Any CPU.Build.0 = Release|Any CPU
		{8EB81289-F340-4F9E-BAA1-907560125227}.Debug|Any CPU.ActiveCfg = Debug|Any CPU
		{8EB81289-F340-4F9E-BAA1-907560125227}.Debug|Any CPU.Build.0 = Debug|Any CPU
		{8EB81289-F340-4F9E-BAA1-907560125227}.Release|Any CPU.ActiveCfg = Release|Any CPU
		{8EB81289-F340-4F9E-BAA1-907560125227}.Release|Any CPU.Build.0 = Release|Any CPU
		{D84C41AA-ADE2-48FA-B28A-F321200F691A}.Debug|Any CPU.ActiveCfg = Debug|Any CPU
		{D84C41AA-ADE2-48FA-B28A-F321200F691A}.Debug|Any CPU.Build.0 = Debug|Any CPU
		{D84C41AA-ADE2-48FA-B28A-F321200F691A}.Release|Any CPU.ActiveCfg = Release|Any CPU
		{D84C41AA-ADE2-48FA-B28A-F321200F691A}.Release|Any CPU.Build.0 = Release|Any CPU
		{0AD51479-EAD5-4FB2-8DE7-7A2424325105}.Debug|Any CPU.ActiveCfg = Debug|Any CPU
		{0AD51479-EAD5-4FB2-8DE7-7A2424325105}.Debug|Any CPU.Build.0 = Debug|Any CPU
		{0AD51479-EAD5-4FB2-8DE7-7A2424325105}.Release|Any CPU.ActiveCfg = Release|Any CPU
		{0AD51479-EAD5-4FB2-8DE7-7A2424325105}.Release|Any CPU.Build.0 = Release|Any CPU
		{ED57DA33-D4B3-4CF1-B614-6A7909B43BC8}.Debug|Any CPU.ActiveCfg = Debug|Any CPU
		{ED57DA33-D4B3-4CF1-B614-6A7909B43BC8}.Debug|Any CPU.Build.0 = Debug|Any CPU
		{ED57DA33-D4B3-4CF1-B614-6A7909B43BC8}.Release|Any CPU.ActiveCfg = Release|Any CPU
		{ED57DA33-D4B3-4CF1-B614-6A7909B43BC8}.Release|Any CPU.Build.0 = Release|Any CPU
		{2FA028E7-2CF3-4254-928B-2126B7208999}.Debug|Any CPU.ActiveCfg = Debug|Any CPU
		{2FA028E7-2CF3-4254-928B-2126B7208999}.Debug|Any CPU.Build.0 = Debug|Any CPU
		{2FA028E7-2CF3-4254-928B-2126B7208999}.Release|Any CPU.ActiveCfg = Release|Any CPU
		{2FA028E7-2CF3-4254-928B-2126B7208999}.Release|Any CPU.Build.0 = Release|Any CPU
		{552A8D46-5B0D-42ED-97E0-6F19DD9C8277}.Debug|Any CPU.ActiveCfg = Debug|Any CPU
		{552A8D46-5B0D-42ED-97E0-6F19DD9C8277}.Debug|Any CPU.Build.0 = Debug|Any CPU
		{552A8D46-5B0D-42ED-97E0-6F19DD9C8277}.Release|Any CPU.ActiveCfg = Release|Any CPU
		{552A8D46-5B0D-42ED-97E0-6F19DD9C8277}.Release|Any CPU.Build.0 = Release|Any CPU
		{D3AC5801-9B85-4578-B640-BCD08A798160}.Debug|Any CPU.ActiveCfg = Debug|Any CPU
		{D3AC5801-9B85-4578-B640-BCD08A798160}.Debug|Any CPU.Build.0 = Debug|Any CPU
		{D3AC5801-9B85-4578-B640-BCD08A798160}.Release|Any CPU.ActiveCfg = Release|Any CPU
		{D3AC5801-9B85-4578-B640-BCD08A798160}.Release|Any CPU.Build.0 = Release|Any CPU
	EndGlobalSection
	GlobalSection(SolutionProperties) = preSolution
		HideSolutionNode = FALSE
	EndGlobalSection
	GlobalSection(NestedProjects) = preSolution
		{32CE2B5E-E788-40F4-8CDC-E44186E16036} = {48698EA1-1915-4B57-AD47-9388686E918E}
		{C4F6F966-02FB-4E7F-9883-CF1C505A81F8} = {0088E7AA-30CA-426D-9119-8EB588A809E3}
		{9390D541-B883-4E3B-83C7-BB45D13CAE16} = {C4F6F966-02FB-4E7F-9883-CF1C505A81F8}
		{111C6D2A-0FE9-4EC4-906F-494E986DC22B} = {C4F6F966-02FB-4E7F-9883-CF1C505A81F8}
		{3234E3A4-08C5-47B3-BED3-365D9AEAF8F0} = {0088E7AA-30CA-426D-9119-8EB588A809E3}
		{470D5E16-E204-4FD7-A780-9BC8AD33E731} = {84D4CF61-BDC3-4AD8-9F33-498B15FA06BC}
		{DD79A5DB-3B61-4DFC-A263-518C3C0D8F6C} = {0088E7AA-30CA-426D-9119-8EB588A809E3}
		{4B44C09A-9E3A-4CDC-B520-7D052278A560} = {C124DD61-84DA-4279-B0E9-C25D7DFF08B1}
		{B8E17073-20AE-4725-A6A7-104965D47AF0} = {C124DD61-84DA-4279-B0E9-C25D7DFF08B1}
		{376F9A38-7B64-4DB2-983D-E1DD2340843D} = {48698EA1-1915-4B57-AD47-9388686E918E}
		{E4BE0109-E8DA-487B-A4CC-895F8C78E71C} = {0088E7AA-30CA-426D-9119-8EB588A809E3}
		{7D8EDA2F-DF85-44F2-A796-42B393F3D77F} = {C124DD61-84DA-4279-B0E9-C25D7DFF08B1}
		{56FA632F-AF8A-496E-B820-27FC23A61C80} = {48698EA1-1915-4B57-AD47-9388686E918E}
		{1E61C60C-8A11-4CEB-857E-B5C33A1963D0} = {0088E7AA-30CA-426D-9119-8EB588A809E3}
		{E98507DF-7971-4D2A-AF7D-7759A97C8AAA} = {0088E7AA-30CA-426D-9119-8EB588A809E3}
		{7C9FED83-B544-4A5D-98F4-FB351BD185F8} = {1E61C60C-8A11-4CEB-857E-B5C33A1963D0}
		{7B790DF9-760F-4A19-AE68-63703BA04F0A} = {1E61C60C-8A11-4CEB-857E-B5C33A1963D0}
		{FB3E46EE-DEE8-40C9-9422-E34D9B2DCEA1} = {E98507DF-7971-4D2A-AF7D-7759A97C8AAA}
		{84B9723B-C148-4F17-B0E2-A94ECF52C707} = {E98507DF-7971-4D2A-AF7D-7759A97C8AAA}
		{09525EF5-E734-4860-9E27-5C703E82B8A1} = {0088E7AA-30CA-426D-9119-8EB588A809E3}
		{BE81DA39-E0E3-4B1E-9B26-7C953593CB91} = {09525EF5-E734-4860-9E27-5C703E82B8A1}
		{19E07721-53D3-4B36-942D-860B40B35D8C} = {C124DD61-84DA-4279-B0E9-C25D7DFF08B1}
		{8EB81289-F340-4F9E-BAA1-907560125227} = {0088E7AA-30CA-426D-9119-8EB588A809E3}
		{D84C41AA-ADE2-48FA-B28A-F321200F691A} = {48698EA1-1915-4B57-AD47-9388686E918E}
		{0AD51479-EAD5-4FB2-8DE7-7A2424325105} = {C124DD61-84DA-4279-B0E9-C25D7DFF08B1}
		{ED57DA33-D4B3-4CF1-B614-6A7909B43BC8} = {0088E7AA-30CA-426D-9119-8EB588A809E3}
		{2FA028E7-2CF3-4254-928B-2126B7208999} = {E98507DF-7971-4D2A-AF7D-7759A97C8AAA}
		{552A8D46-5B0D-42ED-97E0-6F19DD9C8277} = {1E61C60C-8A11-4CEB-857E-B5C33A1963D0}
		{D3AC5801-9B85-4578-B640-BCD08A798160} = {48698EA1-1915-4B57-AD47-9388686E918E}
	EndGlobalSection
	GlobalSection(ExtensibilityGlobals) = postSolution
		SolutionGuid = {01178E85-FF7A-4501-A7CC-AA2153EAFF79}
	EndGlobalSection
EndGlobal
